// !$*UTF8*$!
{
	archiveVersion = 1;
	classes = {
	};
	objectVersion = 56;
	objects = {

/* Begin PBXBuildFile section */
		6115C8432B5F96980070CF55 /* Preview Assets.xcassets in Resources */ = {isa = PBXBuildFile; fileRef = 6115C8422B5F96980070CF55 /* Preview Assets.xcassets */; };
		611FF5BA2B65005A003BD5DD /* HomeViewConfigurator.swift in Sources */ = {isa = PBXBuildFile; fileRef = 611FF5B92B65005A003BD5DD /* HomeViewConfigurator.swift */; };
		611FF5BC2B650F2F003BD5DD /* HomeViewProtocols.swift in Sources */ = {isa = PBXBuildFile; fileRef = 611FF5BB2B650F2F003BD5DD /* HomeViewProtocols.swift */; };
		611FF5C02B650F54003BD5DD /* HomeViewModel.swift in Sources */ = {isa = PBXBuildFile; fileRef = 611FF5BF2B650F54003BD5DD /* HomeViewModel.swift */; };
		613943702B54330900E2AC8F /* HomeView.swift in Sources */ = {isa = PBXBuildFile; fileRef = 6139436F2B54330900E2AC8F /* HomeView.swift */; };
		613A856B2B5E0D5100F43451 /* PayRepositoryImplementation.swift in Sources */ = {isa = PBXBuildFile; fileRef = 613A856A2B5E0D5100F43451 /* PayRepositoryImplementation.swift */; };
		613A856F2B5E0E2A00F43451 /* PayRepositoryProtocol.swift in Sources */ = {isa = PBXBuildFile; fileRef = 613A856E2B5E0E2A00F43451 /* PayRepositoryProtocol.swift */; };
		613A85732B5E134700F43451 /* NFCServiceImplementation.swift in Sources */ = {isa = PBXBuildFile; fileRef = 613A85722B5E134700F43451 /* NFCServiceImplementation.swift */; };
		613A85752B5E13DA00F43451 /* PayUseCaseImplementation.swift in Sources */ = {isa = PBXBuildFile; fileRef = 613A85742B5E13DA00F43451 /* PayUseCaseImplementation.swift */; };
		613A85812B5E227600F43451 /* PayUseCaseProtocol.swift in Sources */ = {isa = PBXBuildFile; fileRef = 613A85802B5E227600F43451 /* PayUseCaseProtocol.swift */; };
		613A858C2B5E36C400F43451 /* Jotunheimr in Frameworks */ = {isa = PBXBuildFile; productRef = 613A858B2B5E36C400F43451 /* Jotunheimr */; };
		61464F322B5F4BC000DD9354 /* Web3EngineService.swift in Sources */ = {isa = PBXBuildFile; fileRef = 61464F312B5F4BC000DD9354 /* Web3EngineService.swift */; };
		61464F352B5F4C3800DD9354 /* Web3 in Frameworks */ = {isa = PBXBuildFile; productRef = 61464F342B5F4C3800DD9354 /* Web3 */; };
		61464F372B5F4C3800DD9354 /* Web3ContractABI in Frameworks */ = {isa = PBXBuildFile; productRef = 61464F362B5F4C3800DD9354 /* Web3ContractABI */; };
		61464F392B5F4C3800DD9354 /* Web3PromiseKit in Frameworks */ = {isa = PBXBuildFile; productRef = 61464F382B5F4C3800DD9354 /* Web3PromiseKit */; };
		61464F482B5F5B1C00DD9354 /* ScanToPayView.swift in Sources */ = {isa = PBXBuildFile; fileRef = 61464F472B5F5B1C00DD9354 /* ScanToPayView.swift */; };
		61464F4A2B5F5B4400DD9354 /* ScanToPayViewModel.swift in Sources */ = {isa = PBXBuildFile; fileRef = 61464F492B5F5B4400DD9354 /* ScanToPayViewModel.swift */; };
		61464F5A2B5F5FDD00DD9354 /* DecryptionServiceProtocol.swift in Sources */ = {isa = PBXBuildFile; fileRef = 61464F592B5F5FDD00DD9354 /* DecryptionServiceProtocol.swift */; };
		61464F5C2B5F600400DD9354 /* PayEngineServiceProtocol.swift in Sources */ = {isa = PBXBuildFile; fileRef = 61464F5B2B5F600400DD9354 /* PayEngineServiceProtocol.swift */; };
		61464F5E2B5F603400DD9354 /* NFCServiceProtocol.swift in Sources */ = {isa = PBXBuildFile; fileRef = 61464F5D2B5F603400DD9354 /* NFCServiceProtocol.swift */; };
		61464F672B5F64ED00DD9354 /* ScanToPayProtocols.swift in Sources */ = {isa = PBXBuildFile; fileRef = 61464F662B5F64ED00DD9354 /* ScanToPayProtocols.swift */; };
		61464F692B5F651D00DD9354 /* ScanToPayConfigurator.swift in Sources */ = {isa = PBXBuildFile; fileRef = 61464F682B5F651D00DD9354 /* ScanToPayConfigurator.swift */; };
		61464F902B5F909800DD9354 /* UtopiaKit.framework in Frameworks */ = {isa = PBXBuildFile; fileRef = 61464F8E2B5F909800DD9354 /* UtopiaKit.framework */; };
		61464F912B5F909800DD9354 /* UtopiaKit.framework in Embed Frameworks */ = {isa = PBXBuildFile; fileRef = 61464F8E2B5F909800DD9354 /* UtopiaKit.framework */; settings = {ATTRIBUTES = (CodeSignOnCopy, RemoveHeadersOnCopy, ); }; };
		61464F922B5F909900DD9354 /* UtopiaUtilities.framework in Frameworks */ = {isa = PBXBuildFile; fileRef = 61464F8F2B5F909800DD9354 /* UtopiaUtilities.framework */; };
		61464F932B5F909900DD9354 /* UtopiaUtilities.framework in Embed Frameworks */ = {isa = PBXBuildFile; fileRef = 61464F8F2B5F909800DD9354 /* UtopiaUtilities.framework */; settings = {ATTRIBUTES = (CodeSignOnCopy, RemoveHeadersOnCopy, ); }; };
		615007F52B662FCB00062B29 /* ConfigureCoordinatorProtocols.swift in Sources */ = {isa = PBXBuildFile; fileRef = 615007F42B662FCB00062B29 /* ConfigureCoordinatorProtocols.swift */; };
		615007FA2B663AA900062B29 /* ConfigureCoordinator.swift in Sources */ = {isa = PBXBuildFile; fileRef = 615007F92B663AA900062B29 /* ConfigureCoordinator.swift */; };
		615007FC2B66437C00062B29 /* HomeCoordinatorProtocols.swift in Sources */ = {isa = PBXBuildFile; fileRef = 615007FB2B66437C00062B29 /* HomeCoordinatorProtocols.swift */; };
		615007FF2B6643DA00062B29 /* HomeCoordinator.swift in Sources */ = {isa = PBXBuildFile; fileRef = 615007FE2B6643DA00062B29 /* HomeCoordinator.swift */; };
		615008012B66533100062B29 /* ReconfigureUseCaseProtocol.swift in Sources */ = {isa = PBXBuildFile; fileRef = 615008002B66533100062B29 /* ReconfigureUseCaseProtocol.swift */; };
		615008032B66536600062B29 /* ReconfigureUseCaseImplementation.swift in Sources */ = {isa = PBXBuildFile; fileRef = 615008022B66536600062B29 /* ReconfigureUseCaseImplementation.swift */; };
		615008062B66594800062B29 /* ScanToPayCoordinatorProtocols.swift in Sources */ = {isa = PBXBuildFile; fileRef = 615008052B66594800062B29 /* ScanToPayCoordinatorProtocols.swift */; };
		615008082B66596400062B29 /* ScanToPayCoordinator.swift in Sources */ = {isa = PBXBuildFile; fileRef = 615008072B66596400062B29 /* ScanToPayCoordinator.swift */; };
		6152DE512B5CBE2900B71095 /* InputPayMessage.swift in Sources */ = {isa = PBXBuildFile; fileRef = 6152DE502B5CBE2900B71095 /* InputPayMessage.swift */; };
		6161707B2B64652600C04D38 /* ConfigurationProtocols.swift in Sources */ = {isa = PBXBuildFile; fileRef = 6161707A2B64652600C04D38 /* ConfigurationProtocols.swift */; };
		6161707F2B64655100C04D38 /* ConfigureViewModel.swift in Sources */ = {isa = PBXBuildFile; fileRef = 6161707E2B64655100C04D38 /* ConfigureViewModel.swift */; };
		616170822B6465B800C04D38 /* ConfigurationConfigurator.swift in Sources */ = {isa = PBXBuildFile; fileRef = 616170812B6465B800C04D38 /* ConfigurationConfigurator.swift */; };
		616170882B64747100C04D38 /* WalletMangerProtocols.swift in Sources */ = {isa = PBXBuildFile; fileRef = 616170872B64747100C04D38 /* WalletMangerProtocols.swift */; };
		616170992B64C3E200C04D38 /* ValidateEthereumWalletUseCaseProtocol.swift in Sources */ = {isa = PBXBuildFile; fileRef = 616170982B64C3E200C04D38 /* ValidateEthereumWalletUseCaseProtocol.swift */; };
		6161709B2B64C3F600C04D38 /* ValidateEthereumWalletUseCaseImplementation.swift in Sources */ = {isa = PBXBuildFile; fileRef = 6161709A2B64C3F600C04D38 /* ValidateEthereumWalletUseCaseImplementation.swift */; };
		6161709D2B64D36500C04D38 /* ValidateEthereumPayValueUseCaseProtocol.swift in Sources */ = {isa = PBXBuildFile; fileRef = 6161709C2B64D36500C04D38 /* ValidateEthereumPayValueUseCaseProtocol.swift */; };
		6161709F2B64D3FC00C04D38 /* ValidateEthereumPayValueUseCaseImplementation.swift in Sources */ = {isa = PBXBuildFile; fileRef = 6161709E2B64D3FC00C04D38 /* ValidateEthereumPayValueUseCaseImplementation.swift */; };
		6175B7BB2B5235D0002C4797 /* UtopiaGatewayApp.swift in Sources */ = {isa = PBXBuildFile; fileRef = 6175B7BA2B5235D0002C4797 /* UtopiaGatewayApp.swift */; };
		6175B7BF2B5235D2002C4797 /* Assets.xcassets in Resources */ = {isa = PBXBuildFile; fileRef = 6175B7BE2B5235D2002C4797 /* Assets.xcassets */; };
		6178ED1C2B652ED300042C6A /* SceneDelegate.swift in Sources */ = {isa = PBXBuildFile; fileRef = 6178ED1B2B652ED300042C6A /* SceneDelegate.swift */; };
		6178ED1E2B652EDB00042C6A /* AppDelegate.swift in Sources */ = {isa = PBXBuildFile; fileRef = 6178ED1D2B652EDB00042C6A /* AppDelegate.swift */; };
		6178ED232B65481B00042C6A /* AppCoordinator.swift in Sources */ = {isa = PBXBuildFile; fileRef = 6178ED222B65481B00042C6A /* AppCoordinator.swift */; };
		618F4C842B5EC96C0030247D /* OutputPayMessage.swift in Sources */ = {isa = PBXBuildFile; fileRef = 618F4C832B5EC96C0030247D /* OutputPayMessage.swift */; };
		618F4C8B2B5F28CD0030247D /* DecryptionServiceImplementation.swift in Sources */ = {isa = PBXBuildFile; fileRef = 618F4C8A2B5F28CD0030247D /* DecryptionServiceImplementation.swift */; };
		619171BC2B54CED5006B36EA /* ConfigureView.swift in Sources */ = {isa = PBXBuildFile; fileRef = 619171BB2B54CED5006B36EA /* ConfigureView.swift */; };
		61A0BEB82B60ABAC0015EAA6 /* UtopiaStorageManager.swift in Sources */ = {isa = PBXBuildFile; fileRef = 61A0BEB72B60ABAC0015EAA6 /* UtopiaStorageManager.swift */; };
		61A0BEBD2B60AE980015EAA6 /* ConfigureUseCaseImplementation.swift in Sources */ = {isa = PBXBuildFile; fileRef = 61A0BEBC2B60AE980015EAA6 /* ConfigureUseCaseImplementation.swift */; };
		61A0BEBF2B60AF400015EAA6 /* ConfigureUseCaseProtocol.swift in Sources */ = {isa = PBXBuildFile; fileRef = 61A0BEBE2B60AF400015EAA6 /* ConfigureUseCaseProtocol.swift */; };
		61A0BEC12B60B4730015EAA6 /* Documentation.docc in Sources */ = {isa = PBXBuildFile; fileRef = 61A0BEC02B60B4730015EAA6 /* Documentation.docc */; };
		61F3EBB02B61B49300E593FB /* NFCRepositoryProtocol.swift in Sources */ = {isa = PBXBuildFile; fileRef = 61F3EBAF2B61B49300E593FB /* NFCRepositoryProtocol.swift */; };
		61F3EBB22B61B4B500E593FB /* NFCRepositoryImplementation.swift in Sources */ = {isa = PBXBuildFile; fileRef = 61F3EBB12B61B4B500E593FB /* NFCRepositoryImplementation.swift */; };
		61F3EBB52B61BE7000E593FB /* PayRequestMessage.swift in Sources */ = {isa = PBXBuildFile; fileRef = 61F3EBB42B61BE7000E593FB /* PayRequestMessage.swift */; };
		61F3EBB82B61C13A00E593FB /* BaseEnd-Points.swift in Sources */ = {isa = PBXBuildFile; fileRef = 61F3EBB72B61C13A00E593FB /* BaseEnd-Points.swift */; };
		61F3EBC42B61CE8E00E593FB /* OutputNFCWalletMessage.swift in Sources */ = {isa = PBXBuildFile; fileRef = 61F3EBC32B61CE8E00E593FB /* OutputNFCWalletMessage.swift */; };
/* End PBXBuildFile section */

/* Begin PBXCopyFilesBuildPhase section */
		61464F942B5F909900DD9354 /* Embed Frameworks */ = {
			isa = PBXCopyFilesBuildPhase;
			buildActionMask = 2147483647;
			dstPath = "";
			dstSubfolderSpec = 10;
			files = (
				61464F912B5F909800DD9354 /* UtopiaKit.framework in Embed Frameworks */,
				61464F932B5F909900DD9354 /* UtopiaUtilities.framework in Embed Frameworks */,
			);
			name = "Embed Frameworks";
			runOnlyForDeploymentPostprocessing = 0;
		};
/* End PBXCopyFilesBuildPhase section */

/* Begin PBXFileReference section */
		61006ECD2B622998007D2C12 /* Utopia-Crypto-Payments-Gateway-Info.plist */ = {isa = PBXFileReference; lastKnownFileType = text.plist.xml; name = "Utopia-Crypto-Payments-Gateway-Info.plist"; path = "Utopia-Crypto Payments Gateway/Application/Configuration/Utopia-Crypto-Payments-Gateway-Info.plist"; sourceTree = SOURCE_ROOT; };
		6115C8422B5F96980070CF55 /* Preview Assets.xcassets */ = {isa = PBXFileReference; lastKnownFileType = folder.assetcatalog; path = "Preview Assets.xcassets"; sourceTree = "<group>"; };
		611FF5B92B65005A003BD5DD /* HomeViewConfigurator.swift */ = {isa = PBXFileReference; lastKnownFileType = sourcecode.swift; path = HomeViewConfigurator.swift; sourceTree = "<group>"; };
		611FF5BB2B650F2F003BD5DD /* HomeViewProtocols.swift */ = {isa = PBXFileReference; lastKnownFileType = sourcecode.swift; path = HomeViewProtocols.swift; sourceTree = "<group>"; };
		611FF5BF2B650F54003BD5DD /* HomeViewModel.swift */ = {isa = PBXFileReference; lastKnownFileType = sourcecode.swift; path = HomeViewModel.swift; sourceTree = "<group>"; };
		6139436F2B54330900E2AC8F /* HomeView.swift */ = {isa = PBXFileReference; lastKnownFileType = sourcecode.swift; path = HomeView.swift; sourceTree = "<group>"; };
		613A856A2B5E0D5100F43451 /* PayRepositoryImplementation.swift */ = {isa = PBXFileReference; lastKnownFileType = sourcecode.swift; path = PayRepositoryImplementation.swift; sourceTree = "<group>"; };
		613A856E2B5E0E2A00F43451 /* PayRepositoryProtocol.swift */ = {isa = PBXFileReference; lastKnownFileType = sourcecode.swift; path = PayRepositoryProtocol.swift; sourceTree = "<group>"; };
		613A85722B5E134700F43451 /* NFCServiceImplementation.swift */ = {isa = PBXFileReference; lastKnownFileType = sourcecode.swift; path = NFCServiceImplementation.swift; sourceTree = "<group>"; };
		613A85742B5E13DA00F43451 /* PayUseCaseImplementation.swift */ = {isa = PBXFileReference; lastKnownFileType = sourcecode.swift; path = PayUseCaseImplementation.swift; sourceTree = "<group>"; };
		613A85802B5E227600F43451 /* PayUseCaseProtocol.swift */ = {isa = PBXFileReference; lastKnownFileType = sourcecode.swift; path = PayUseCaseProtocol.swift; sourceTree = "<group>"; };
		61464F312B5F4BC000DD9354 /* Web3EngineService.swift */ = {isa = PBXFileReference; lastKnownFileType = sourcecode.swift; path = Web3EngineService.swift; sourceTree = "<group>"; };
		61464F472B5F5B1C00DD9354 /* ScanToPayView.swift */ = {isa = PBXFileReference; lastKnownFileType = sourcecode.swift; path = ScanToPayView.swift; sourceTree = "<group>"; };
		61464F492B5F5B4400DD9354 /* ScanToPayViewModel.swift */ = {isa = PBXFileReference; lastKnownFileType = sourcecode.swift; path = ScanToPayViewModel.swift; sourceTree = "<group>"; };
		61464F592B5F5FDD00DD9354 /* DecryptionServiceProtocol.swift */ = {isa = PBXFileReference; lastKnownFileType = sourcecode.swift; path = DecryptionServiceProtocol.swift; sourceTree = "<group>"; };
		61464F5B2B5F600400DD9354 /* PayEngineServiceProtocol.swift */ = {isa = PBXFileReference; lastKnownFileType = sourcecode.swift; path = PayEngineServiceProtocol.swift; sourceTree = "<group>"; };
		61464F5D2B5F603400DD9354 /* NFCServiceProtocol.swift */ = {isa = PBXFileReference; lastKnownFileType = sourcecode.swift; path = NFCServiceProtocol.swift; sourceTree = "<group>"; };
		61464F662B5F64ED00DD9354 /* ScanToPayProtocols.swift */ = {isa = PBXFileReference; lastKnownFileType = sourcecode.swift; path = ScanToPayProtocols.swift; sourceTree = "<group>"; };
		61464F682B5F651D00DD9354 /* ScanToPayConfigurator.swift */ = {isa = PBXFileReference; lastKnownFileType = sourcecode.swift; path = ScanToPayConfigurator.swift; sourceTree = "<group>"; };
		61464F8E2B5F909800DD9354 /* UtopiaKit.framework */ = {isa = PBXFileReference; explicitFileType = wrapper.framework; path = UtopiaKit.framework; sourceTree = BUILT_PRODUCTS_DIR; };
		61464F8F2B5F909800DD9354 /* UtopiaUtilities.framework */ = {isa = PBXFileReference; explicitFileType = wrapper.framework; path = UtopiaUtilities.framework; sourceTree = BUILT_PRODUCTS_DIR; };
		615007F42B662FCB00062B29 /* ConfigureCoordinatorProtocols.swift */ = {isa = PBXFileReference; lastKnownFileType = sourcecode.swift; path = ConfigureCoordinatorProtocols.swift; sourceTree = "<group>"; };
		615007F92B663AA900062B29 /* ConfigureCoordinator.swift */ = {isa = PBXFileReference; lastKnownFileType = sourcecode.swift; path = ConfigureCoordinator.swift; sourceTree = "<group>"; };
		615007FB2B66437C00062B29 /* HomeCoordinatorProtocols.swift */ = {isa = PBXFileReference; lastKnownFileType = sourcecode.swift; path = HomeCoordinatorProtocols.swift; sourceTree = "<group>"; };
		615007FE2B6643DA00062B29 /* HomeCoordinator.swift */ = {isa = PBXFileReference; lastKnownFileType = sourcecode.swift; path = HomeCoordinator.swift; sourceTree = "<group>"; };
		615008002B66533100062B29 /* ReconfigureUseCaseProtocol.swift */ = {isa = PBXFileReference; lastKnownFileType = sourcecode.swift; path = ReconfigureUseCaseProtocol.swift; sourceTree = "<group>"; };
		615008022B66536600062B29 /* ReconfigureUseCaseImplementation.swift */ = {isa = PBXFileReference; lastKnownFileType = sourcecode.swift; path = ReconfigureUseCaseImplementation.swift; sourceTree = "<group>"; };
		615008052B66594800062B29 /* ScanToPayCoordinatorProtocols.swift */ = {isa = PBXFileReference; lastKnownFileType = sourcecode.swift; path = ScanToPayCoordinatorProtocols.swift; sourceTree = "<group>"; };
		615008072B66596400062B29 /* ScanToPayCoordinator.swift */ = {isa = PBXFileReference; lastKnownFileType = sourcecode.swift; path = ScanToPayCoordinator.swift; sourceTree = "<group>"; };
		6152DE502B5CBE2900B71095 /* InputPayMessage.swift */ = {isa = PBXFileReference; lastKnownFileType = sourcecode.swift; path = InputPayMessage.swift; sourceTree = "<group>"; };
		6161707A2B64652600C04D38 /* ConfigurationProtocols.swift */ = {isa = PBXFileReference; lastKnownFileType = sourcecode.swift; path = ConfigurationProtocols.swift; sourceTree = "<group>"; };
		6161707E2B64655100C04D38 /* ConfigureViewModel.swift */ = {isa = PBXFileReference; lastKnownFileType = sourcecode.swift; path = ConfigureViewModel.swift; sourceTree = "<group>"; };
		616170812B6465B800C04D38 /* ConfigurationConfigurator.swift */ = {isa = PBXFileReference; lastKnownFileType = sourcecode.swift; path = ConfigurationConfigurator.swift; sourceTree = "<group>"; };
		616170872B64747100C04D38 /* WalletMangerProtocols.swift */ = {isa = PBXFileReference; lastKnownFileType = sourcecode.swift; path = WalletMangerProtocols.swift; sourceTree = "<group>"; };
		616170982B64C3E200C04D38 /* ValidateEthereumWalletUseCaseProtocol.swift */ = {isa = PBXFileReference; lastKnownFileType = sourcecode.swift; path = ValidateEthereumWalletUseCaseProtocol.swift; sourceTree = "<group>"; };
		6161709A2B64C3F600C04D38 /* ValidateEthereumWalletUseCaseImplementation.swift */ = {isa = PBXFileReference; lastKnownFileType = sourcecode.swift; path = ValidateEthereumWalletUseCaseImplementation.swift; sourceTree = "<group>"; };
		6161709C2B64D36500C04D38 /* ValidateEthereumPayValueUseCaseProtocol.swift */ = {isa = PBXFileReference; lastKnownFileType = sourcecode.swift; path = ValidateEthereumPayValueUseCaseProtocol.swift; sourceTree = "<group>"; };
		6161709E2B64D3FC00C04D38 /* ValidateEthereumPayValueUseCaseImplementation.swift */ = {isa = PBXFileReference; lastKnownFileType = sourcecode.swift; path = ValidateEthereumPayValueUseCaseImplementation.swift; sourceTree = "<group>"; };
		6175B7B72B5235D0002C4797 /* Utopia-Crypto Payments Gateway.app */ = {isa = PBXFileReference; explicitFileType = wrapper.application; includeInIndex = 0; path = "Utopia-Crypto Payments Gateway.app"; sourceTree = BUILT_PRODUCTS_DIR; };
		6175B7BA2B5235D0002C4797 /* UtopiaGatewayApp.swift */ = {isa = PBXFileReference; lastKnownFileType = sourcecode.swift; path = UtopiaGatewayApp.swift; sourceTree = "<group>"; };
		6175B7BE2B5235D2002C4797 /* Assets.xcassets */ = {isa = PBXFileReference; lastKnownFileType = folder.assetcatalog; path = Assets.xcassets; sourceTree = "<group>"; };
		6178ED1B2B652ED300042C6A /* SceneDelegate.swift */ = {isa = PBXFileReference; lastKnownFileType = sourcecode.swift; path = SceneDelegate.swift; sourceTree = "<group>"; };
		6178ED1D2B652EDB00042C6A /* AppDelegate.swift */ = {isa = PBXFileReference; lastKnownFileType = sourcecode.swift; path = AppDelegate.swift; sourceTree = "<group>"; };
		6178ED222B65481B00042C6A /* AppCoordinator.swift */ = {isa = PBXFileReference; lastKnownFileType = sourcecode.swift; path = AppCoordinator.swift; sourceTree = "<group>"; };
		618F4C832B5EC96C0030247D /* OutputPayMessage.swift */ = {isa = PBXFileReference; lastKnownFileType = sourcecode.swift; path = OutputPayMessage.swift; sourceTree = "<group>"; };
		618F4C8A2B5F28CD0030247D /* DecryptionServiceImplementation.swift */ = {isa = PBXFileReference; lastKnownFileType = sourcecode.swift; path = DecryptionServiceImplementation.swift; sourceTree = "<group>"; };
		618F4C8C2B5F29040030247D /* Utopia-Crypto Payments Gateway.entitlements */ = {isa = PBXFileReference; lastKnownFileType = text.plist.entitlements; path = "Utopia-Crypto Payments Gateway.entitlements"; sourceTree = "<group>"; };
		619171BB2B54CED5006B36EA /* ConfigureView.swift */ = {isa = PBXFileReference; lastKnownFileType = sourcecode.swift; path = ConfigureView.swift; sourceTree = "<group>"; };
		61A0BEB72B60ABAC0015EAA6 /* UtopiaStorageManager.swift */ = {isa = PBXFileReference; lastKnownFileType = sourcecode.swift; path = UtopiaStorageManager.swift; sourceTree = "<group>"; };
		61A0BEBC2B60AE980015EAA6 /* ConfigureUseCaseImplementation.swift */ = {isa = PBXFileReference; lastKnownFileType = sourcecode.swift; path = ConfigureUseCaseImplementation.swift; sourceTree = "<group>"; };
		61A0BEBE2B60AF400015EAA6 /* ConfigureUseCaseProtocol.swift */ = {isa = PBXFileReference; lastKnownFileType = sourcecode.swift; path = ConfigureUseCaseProtocol.swift; sourceTree = "<group>"; };
		61A0BEC02B60B4730015EAA6 /* Documentation.docc */ = {isa = PBXFileReference; lastKnownFileType = folder.documentationcatalog; path = Documentation.docc; sourceTree = "<group>"; };
		61F3EBAF2B61B49300E593FB /* NFCRepositoryProtocol.swift */ = {isa = PBXFileReference; lastKnownFileType = sourcecode.swift; path = NFCRepositoryProtocol.swift; sourceTree = "<group>"; };
		61F3EBB12B61B4B500E593FB /* NFCRepositoryImplementation.swift */ = {isa = PBXFileReference; lastKnownFileType = sourcecode.swift; path = NFCRepositoryImplementation.swift; sourceTree = "<group>"; };
		61F3EBB42B61BE7000E593FB /* PayRequestMessage.swift */ = {isa = PBXFileReference; lastKnownFileType = sourcecode.swift; path = PayRequestMessage.swift; sourceTree = "<group>"; };
		61F3EBB72B61C13A00E593FB /* BaseEnd-Points.swift */ = {isa = PBXFileReference; lastKnownFileType = sourcecode.swift; path = "BaseEnd-Points.swift"; sourceTree = "<group>"; };
		61F3EBC32B61CE8E00E593FB /* OutputNFCWalletMessage.swift */ = {isa = PBXFileReference; lastKnownFileType = sourcecode.swift; path = OutputNFCWalletMessage.swift; sourceTree = "<group>"; };
/* End PBXFileReference section */

/* Begin PBXFrameworksBuildPhase section */
		6175B7B42B5235D0002C4797 /* Frameworks */ = {
			isa = PBXFrameworksBuildPhase;
			buildActionMask = 2147483647;
			files = (
				61464F352B5F4C3800DD9354 /* Web3 in Frameworks */,
				61464F902B5F909800DD9354 /* UtopiaKit.framework in Frameworks */,
				613A858C2B5E36C400F43451 /* Jotunheimr in Frameworks */,
				61464F392B5F4C3800DD9354 /* Web3PromiseKit in Frameworks */,
				61464F372B5F4C3800DD9354 /* Web3ContractABI in Frameworks */,
				61464F922B5F909900DD9354 /* UtopiaUtilities.framework in Frameworks */,
			);
			runOnlyForDeploymentPostprocessing = 0;
		};
/* End PBXFrameworksBuildPhase section */

/* Begin PBXGroup section */
		6110153C2B545FF0009528A4 /* Presentation */ = {
			isa = PBXGroup;
			children = (
				6139436C2B54325E00E2AC8F /* Modules */,
			);
			path = Presentation;
			sourceTree = "<group>";
		};
		611015402B54627D009528A4 /* Domain */ = {
			isa = PBXGroup;
			children = (
				613A85862B5E24D400F43451 /* Entities */,
				613A856C2B5E0E1700F43451 /* Interfaces */,
				613A85702B5E0E8E00F43451 /* UseCases */,
			);
			path = Domain;
			sourceTree = "<group>";
		};
		611015412B54628B009528A4 /* Data */ = {
			isa = PBXGroup;
			children = (
				61F3EBC52B61D3D900E593FB /* NFC Service */,
				61F3EBC12B61CC2400E593FB /* Decryption Service */,
				61F3EBB92B61C39200E593FB /* Network */,
				61A0BEB62B60AB900015EAA6 /* Storage */,
				613A85692B5E0D4200F43451 /* Repositories */,
			);
			path = Data;
			sourceTree = "<group>";
		};
		6115C8412B5F96930070CF55 /* Preview Content */ = {
			isa = PBXGroup;
			children = (
				6115C8422B5F96980070CF55 /* Preview Assets.xcassets */,
			);
			path = "Preview Content";
			sourceTree = "<group>";
		};
		611FF5B82B650053003BD5DD /* Configuration */ = {
			isa = PBXGroup;
			children = (
				611FF5B92B65005A003BD5DD /* HomeViewConfigurator.swift */,
				611FF5BB2B650F2F003BD5DD /* HomeViewProtocols.swift */,
			);
			path = Configuration;
			sourceTree = "<group>";
		};
		611FF5BD2B650F44003BD5DD /* View */ = {
			isa = PBXGroup;
			children = (
				6139436F2B54330900E2AC8F /* HomeView.swift */,
			);
			path = View;
			sourceTree = "<group>";
		};
		611FF5BE2B650F4B003BD5DD /* ViewModel */ = {
			isa = PBXGroup;
			children = (
				611FF5BF2B650F54003BD5DD /* HomeViewModel.swift */,
			);
			path = ViewModel;
			sourceTree = "<group>";
		};
		6139436C2B54325E00E2AC8F /* Modules */ = {
			isa = PBXGroup;
			children = (
				619171BA2B54CEAD006B36EA /* Configure */,
				613943712B54331A00E2AC8F /* Home */,
				619171B32B54BEB4006B36EA /* Scan To Pay */,
			);
			path = Modules;
			sourceTree = "<group>";
		};
		6139436D2B54328900E2AC8F /* Delegates */ = {
			isa = PBXGroup;
			children = (
				6175B7BA2B5235D0002C4797 /* UtopiaGatewayApp.swift */,
				6178ED1B2B652ED300042C6A /* SceneDelegate.swift */,
				6178ED1D2B652EDB00042C6A /* AppDelegate.swift */,
			);
			path = Delegates;
			sourceTree = "<group>";
		};
		6139436E2B5432C200E2AC8F /* Application */ = {
			isa = PBXGroup;
			children = (
				6178ED212B6547FB00042C6A /* App Coordinator */,
				618F4C8D2B5F2A060030247D /* Configuration */,
				6139436D2B54328900E2AC8F /* Delegates */,
				6115C8412B5F96930070CF55 /* Preview Content */,
				613943D52B545D2D00E2AC8F /* Resources */,
				61A0BEC02B60B4730015EAA6 /* Documentation.docc */,
			);
			path = Application;
			sourceTree = "<group>";
		};
		613943712B54331A00E2AC8F /* Home */ = {
			isa = PBXGroup;
			children = (
				615007FD2B66438B00062B29 /* Coordinator */,
				611FF5B82B650053003BD5DD /* Configuration */,
				611FF5BD2B650F44003BD5DD /* View */,
				611FF5BE2B650F4B003BD5DD /* ViewModel */,
			);
			path = Home;
			sourceTree = "<group>";
		};
		613943BC2B544A7D00E2AC8F /* Frameworks */ = {
			isa = PBXGroup;
			children = (
				61464F8E2B5F909800DD9354 /* UtopiaKit.framework */,
				61464F8F2B5F909800DD9354 /* UtopiaUtilities.framework */,
			);
			name = Frameworks;
			sourceTree = "<group>";
		};
		613943D52B545D2D00E2AC8F /* Resources */ = {
			isa = PBXGroup;
			children = (
				6175B7BE2B5235D2002C4797 /* Assets.xcassets */,
			);
			path = Resources;
			sourceTree = "<group>";
		};
		613A85692B5E0D4200F43451 /* Repositories */ = {
			isa = PBXGroup;
			children = (
				613A856A2B5E0D5100F43451 /* PayRepositoryImplementation.swift */,
				61F3EBB12B61B4B500E593FB /* NFCRepositoryImplementation.swift */,
			);
			path = Repositories;
			sourceTree = "<group>";
		};
		613A856C2B5E0E1700F43451 /* Interfaces */ = {
			isa = PBXGroup;
			children = (
				61464F582B5F5FD200DD9354 /* Services */,
				613A857D2B5E224C00F43451 /* UseCases */,
				613A856D2B5E0E1F00F43451 /* Repositories */,
			);
			path = Interfaces;
			sourceTree = "<group>";
		};
		613A856D2B5E0E1F00F43451 /* Repositories */ = {
			isa = PBXGroup;
			children = (
				613A856E2B5E0E2A00F43451 /* PayRepositoryProtocol.swift */,
				61F3EBAF2B61B49300E593FB /* NFCRepositoryProtocol.swift */,
			);
			path = Repositories;
			sourceTree = "<group>";
		};
		613A85702B5E0E8E00F43451 /* UseCases */ = {
			isa = PBXGroup;
			children = (
				613A85742B5E13DA00F43451 /* PayUseCaseImplementation.swift */,
				61A0BEBC2B60AE980015EAA6 /* ConfigureUseCaseImplementation.swift */,
				6161709A2B64C3F600C04D38 /* ValidateEthereumWalletUseCaseImplementation.swift */,
				6161709E2B64D3FC00C04D38 /* ValidateEthereumPayValueUseCaseImplementation.swift */,
				615008022B66536600062B29 /* ReconfigureUseCaseImplementation.swift */,
			);
			path = UseCases;
			sourceTree = "<group>";
		};
		613A857D2B5E224C00F43451 /* UseCases */ = {
			isa = PBXGroup;
			children = (
				613A85802B5E227600F43451 /* PayUseCaseProtocol.swift */,
				61A0BEBE2B60AF400015EAA6 /* ConfigureUseCaseProtocol.swift */,
				616170982B64C3E200C04D38 /* ValidateEthereumWalletUseCaseProtocol.swift */,
				6161709C2B64D36500C04D38 /* ValidateEthereumPayValueUseCaseProtocol.swift */,
				615008002B66533100062B29 /* ReconfigureUseCaseProtocol.swift */,
			);
			path = UseCases;
			sourceTree = "<group>";
		};
		613A85862B5E24D400F43451 /* Entities */ = {
			isa = PBXGroup;
			children = (
				61F3EBC22B61CE8100E593FB /* NFC */,
				61464F602B5F626600DD9354 /* Pay */,
			);
			path = Entities;
			sourceTree = "<group>";
		};
		61464F442B5F5AFD00DD9354 /* View */ = {
			isa = PBXGroup;
			children = (
				61464F472B5F5B1C00DD9354 /* ScanToPayView.swift */,
			);
			path = View;
			sourceTree = "<group>";
		};
		61464F452B5F5B0200DD9354 /* ViewModel */ = {
			isa = PBXGroup;
			children = (
				61464F492B5F5B4400DD9354 /* ScanToPayViewModel.swift */,
			);
			path = ViewModel;
			sourceTree = "<group>";
		};
		61464F582B5F5FD200DD9354 /* Services */ = {
			isa = PBXGroup;
			children = (
				61464F5D2B5F603400DD9354 /* NFCServiceProtocol.swift */,
				61464F5B2B5F600400DD9354 /* PayEngineServiceProtocol.swift */,
				61464F592B5F5FDD00DD9354 /* DecryptionServiceProtocol.swift */,
			);
			path = Services;
			sourceTree = "<group>";
		};
		61464F602B5F626600DD9354 /* Pay */ = {
			isa = PBXGroup;
			children = (
				6152DE502B5CBE2900B71095 /* InputPayMessage.swift */,
				618F4C832B5EC96C0030247D /* OutputPayMessage.swift */,
			);
			path = Pay;
			sourceTree = "<group>";
		};
		61464F642B5F64D500DD9354 /* Configuration */ = {
			isa = PBXGroup;
			children = (
				61464F662B5F64ED00DD9354 /* ScanToPayProtocols.swift */,
				61464F682B5F651D00DD9354 /* ScanToPayConfigurator.swift */,
			);
			path = Configuration;
			sourceTree = "<group>";
		};
		615007F82B663A9800062B29 /* Coordinator */ = {
			isa = PBXGroup;
			children = (
				615007F42B662FCB00062B29 /* ConfigureCoordinatorProtocols.swift */,
				615007F92B663AA900062B29 /* ConfigureCoordinator.swift */,
			);
			path = Coordinator;
			sourceTree = "<group>";
		};
		615007FD2B66438B00062B29 /* Coordinator */ = {
			isa = PBXGroup;
			children = (
				615007FB2B66437C00062B29 /* HomeCoordinatorProtocols.swift */,
				615007FE2B6643DA00062B29 /* HomeCoordinator.swift */,
			);
			path = Coordinator;
			sourceTree = "<group>";
		};
		615008042B6657EB00062B29 /* Coordinator */ = {
			isa = PBXGroup;
			children = (
				615008052B66594800062B29 /* ScanToPayCoordinatorProtocols.swift */,
				615008072B66596400062B29 /* ScanToPayCoordinator.swift */,
			);
			path = Coordinator;
			sourceTree = "<group>";
		};
		616170792B64650D00C04D38 /* Configuration */ = {
			isa = PBXGroup;
			children = (
				6161707A2B64652600C04D38 /* ConfigurationProtocols.swift */,
				616170812B6465B800C04D38 /* ConfigurationConfigurator.swift */,
			);
			path = Configuration;
			sourceTree = "<group>";
		};
		6161707C2B64654200C04D38 /* View */ = {
			isa = PBXGroup;
			children = (
				619171BB2B54CED5006B36EA /* ConfigureView.swift */,
			);
			path = View;
			sourceTree = "<group>";
		};
		6161707D2B64654900C04D38 /* ViewModel */ = {
			isa = PBXGroup;
			children = (
				6161707E2B64655100C04D38 /* ConfigureViewModel.swift */,
			);
			path = ViewModel;
			sourceTree = "<group>";
		};
		6175B7AE2B5235D0002C4797 = {
			isa = PBXGroup;
			children = (
				613943BC2B544A7D00E2AC8F /* Frameworks */,
				6175B7B82B5235D0002C4797 /* Products */,
				6175B7B92B5235D0002C4797 /* Utopia-Crypto Payments Gateway */,
			);
			sourceTree = "<group>";
		};
		6175B7B82B5235D0002C4797 /* Products */ = {
			isa = PBXGroup;
			children = (
				6175B7B72B5235D0002C4797 /* Utopia-Crypto Payments Gateway.app */,
			);
			name = Products;
			sourceTree = "<group>";
		};
		6175B7B92B5235D0002C4797 /* Utopia-Crypto Payments Gateway */ = {
			isa = PBXGroup;
			children = (
				6139436E2B5432C200E2AC8F /* Application */,
				611015412B54628B009528A4 /* Data */,
				611015402B54627D009528A4 /* Domain */,
				6110153C2B545FF0009528A4 /* Presentation */,
			);
			path = "Utopia-Crypto Payments Gateway";
			sourceTree = "<group>";
		};
		6178ED212B6547FB00042C6A /* App Coordinator */ = {
			isa = PBXGroup;
			children = (
				6178ED222B65481B00042C6A /* AppCoordinator.swift */,
			);
			path = "App Coordinator";
			sourceTree = "<group>";
		};
		618F4C8D2B5F2A060030247D /* Configuration */ = {
			isa = PBXGroup;
			children = (
				61006ECD2B622998007D2C12 /* Utopia-Crypto-Payments-Gateway-Info.plist */,
				618F4C8C2B5F29040030247D /* Utopia-Crypto Payments Gateway.entitlements */,
			);
			path = Configuration;
			sourceTree = "<group>";
		};
		619171B32B54BEB4006B36EA /* Scan To Pay */ = {
			isa = PBXGroup;
			children = (
				615008042B6657EB00062B29 /* Coordinator */,
				61464F642B5F64D500DD9354 /* Configuration */,
				61464F442B5F5AFD00DD9354 /* View */,
				61464F452B5F5B0200DD9354 /* ViewModel */,
			);
			path = "Scan To Pay";
			sourceTree = "<group>";
		};
		619171BA2B54CEAD006B36EA /* Configure */ = {
			isa = PBXGroup;
			children = (
				615007F82B663A9800062B29 /* Coordinator */,
				616170792B64650D00C04D38 /* Configuration */,
				6161707C2B64654200C04D38 /* View */,
				6161707D2B64654900C04D38 /* ViewModel */,
			);
			path = Configure;
			sourceTree = "<group>";
		};
		61A0BEB62B60AB900015EAA6 /* Storage */ = {
			isa = PBXGroup;
			children = (
				61A0BEB72B60ABAC0015EAA6 /* UtopiaStorageManager.swift */,
				616170872B64747100C04D38 /* WalletMangerProtocols.swift */,
			);
			path = Storage;
			sourceTree = "<group>";
		};
		61F3EBB32B61BE5400E593FB /* Messages */ = {
			isa = PBXGroup;
			children = (
				61F3EBB42B61BE7000E593FB /* PayRequestMessage.swift */,
			);
			path = Messages;
			sourceTree = "<group>";
		};
		61F3EBB62B61C11400E593FB /* End-Points */ = {
			isa = PBXGroup;
			children = (
				61F3EBB72B61C13A00E593FB /* BaseEnd-Points.swift */,
			);
			path = "End-Points";
			sourceTree = "<group>";
		};
		61F3EBB92B61C39200E593FB /* Network */ = {
			isa = PBXGroup;
			children = (
				61F3EBB62B61C11400E593FB /* End-Points */,
				61F3EBB32B61BE5400E593FB /* Messages */,
				61464F312B5F4BC000DD9354 /* Web3EngineService.swift */,
			);
			path = Network;
			sourceTree = "<group>";
		};
		61F3EBC12B61CC2400E593FB /* Decryption Service */ = {
			isa = PBXGroup;
			children = (
				618F4C8A2B5F28CD0030247D /* DecryptionServiceImplementation.swift */,
			);
			path = "Decryption Service";
			sourceTree = "<group>";
		};
		61F3EBC22B61CE8100E593FB /* NFC */ = {
			isa = PBXGroup;
			children = (
				61F3EBC32B61CE8E00E593FB /* OutputNFCWalletMessage.swift */,
			);
			path = NFC;
			sourceTree = "<group>";
		};
		61F3EBC52B61D3D900E593FB /* NFC Service */ = {
			isa = PBXGroup;
			children = (
				613A85722B5E134700F43451 /* NFCServiceImplementation.swift */,
			);
			path = "NFC Service";
			sourceTree = "<group>";
		};
/* End PBXGroup section */

/* Begin PBXNativeTarget section */
		6175B7B62B5235D0002C4797 /* Utopia-Crypto Payments Gateway */ = {
			isa = PBXNativeTarget;
			buildConfigurationList = 6175B7C52B5235D2002C4797 /* Build configuration list for PBXNativeTarget "Utopia-Crypto Payments Gateway" */;
			buildPhases = (
				6175B7B32B5235D0002C4797 /* Sources */,
				6175B7B42B5235D0002C4797 /* Frameworks */,
				6175B7B52B5235D0002C4797 /* Resources */,
				61464F942B5F909900DD9354 /* Embed Frameworks */,
			);
			buildRules = (
			);
			dependencies = (
			);
			name = "Utopia-Crypto Payments Gateway";
			packageProductDependencies = (
				613A858B2B5E36C400F43451 /* Jotunheimr */,
				61464F342B5F4C3800DD9354 /* Web3 */,
				61464F362B5F4C3800DD9354 /* Web3ContractABI */,
				61464F382B5F4C3800DD9354 /* Web3PromiseKit */,
			);
			productName = "Utopia-Crypto Payments Gateway";
			productReference = 6175B7B72B5235D0002C4797 /* Utopia-Crypto Payments Gateway.app */;
			productType = "com.apple.product-type.application";
		};
/* End PBXNativeTarget section */

/* Begin PBXProject section */
		6175B7AF2B5235D0002C4797 /* Project object */ = {
			isa = PBXProject;
			attributes = {
				BuildIndependentTargetsInParallel = 1;
				LastSwiftUpdateCheck = 1510;
				LastUpgradeCheck = 1510;
				TargetAttributes = {
					6175B7B62B5235D0002C4797 = {
						CreatedOnToolsVersion = 15.1;
					};
				};
			};
			buildConfigurationList = 6175B7B22B5235D0002C4797 /* Build configuration list for PBXProject "Utopia-Crypto Payments Gateway" */;
			compatibilityVersion = "Xcode 14.0";
			developmentRegion = en;
			hasScannedForEncodings = 0;
			knownRegions = (
				en,
				Base,
			);
			mainGroup = 6175B7AE2B5235D0002C4797;
			packageReferences = (
				613A858A2B5E36C400F43451 /* XCRemoteSwiftPackageReference "Jotunheimr" */,
				61464F332B5F4C3800DD9354 /* XCRemoteSwiftPackageReference "Web3.swift" */,
			);
			productRefGroup = 6175B7B82B5235D0002C4797 /* Products */;
			projectDirPath = "";
			projectRoot = "";
			targets = (
				6175B7B62B5235D0002C4797 /* Utopia-Crypto Payments Gateway */,
			);
		};
/* End PBXProject section */

/* Begin PBXResourcesBuildPhase section */
		6175B7B52B5235D0002C4797 /* Resources */ = {
			isa = PBXResourcesBuildPhase;
			buildActionMask = 2147483647;
			files = (
				6115C8432B5F96980070CF55 /* Preview Assets.xcassets in Resources */,
				6175B7BF2B5235D2002C4797 /* Assets.xcassets in Resources */,
			);
			runOnlyForDeploymentPostprocessing = 0;
		};
/* End PBXResourcesBuildPhase section */

/* Begin PBXSourcesBuildPhase section */
		6175B7B32B5235D0002C4797 /* Sources */ = {
			isa = PBXSourcesBuildPhase;
			buildActionMask = 2147483647;
			files = (
				616170882B64747100C04D38 /* WalletMangerProtocols.swift in Sources */,
				61464F5E2B5F603400DD9354 /* NFCServiceProtocol.swift in Sources */,
				615007FC2B66437C00062B29 /* HomeCoordinatorProtocols.swift in Sources */,
				61464F692B5F651D00DD9354 /* ScanToPayConfigurator.swift in Sources */,
				611FF5C02B650F54003BD5DD /* HomeViewModel.swift in Sources */,
				611FF5BA2B65005A003BD5DD /* HomeViewConfigurator.swift in Sources */,
				6178ED232B65481B00042C6A /* AppCoordinator.swift in Sources */,
				611FF5BC2B650F2F003BD5DD /* HomeViewProtocols.swift in Sources */,
				6152DE512B5CBE2900B71095 /* InputPayMessage.swift in Sources */,
				61464F322B5F4BC000DD9354 /* Web3EngineService.swift in Sources */,
				61464F4A2B5F5B4400DD9354 /* ScanToPayViewModel.swift in Sources */,
				6161709F2B64D3FC00C04D38 /* ValidateEthereumPayValueUseCaseImplementation.swift in Sources */,
				6161709B2B64C3F600C04D38 /* ValidateEthereumWalletUseCaseImplementation.swift in Sources */,
				616170822B6465B800C04D38 /* ConfigurationConfigurator.swift in Sources */,
				616170992B64C3E200C04D38 /* ValidateEthereumWalletUseCaseProtocol.swift in Sources */,
				61F3EBB82B61C13A00E593FB /* BaseEnd-Points.swift in Sources */,
				615008062B66594800062B29 /* ScanToPayCoordinatorProtocols.swift in Sources */,
				61464F672B5F64ED00DD9354 /* ScanToPayProtocols.swift in Sources */,
				618F4C8B2B5F28CD0030247D /* DecryptionServiceImplementation.swift in Sources */,
				613A856B2B5E0D5100F43451 /* PayRepositoryImplementation.swift in Sources */,
				6161709D2B64D36500C04D38 /* ValidateEthereumPayValueUseCaseProtocol.swift in Sources */,
				615007F52B662FCB00062B29 /* ConfigureCoordinatorProtocols.swift in Sources */,
				6178ED1E2B652EDB00042C6A /* AppDelegate.swift in Sources */,
				613A856F2B5E0E2A00F43451 /* PayRepositoryProtocol.swift in Sources */,
				61F3EBB02B61B49300E593FB /* NFCRepositoryProtocol.swift in Sources */,
				615007FA2B663AA900062B29 /* ConfigureCoordinator.swift in Sources */,
				613A85732B5E134700F43451 /* NFCServiceImplementation.swift in Sources */,
				615008082B66596400062B29 /* ScanToPayCoordinator.swift in Sources */,
				61A0BEC12B60B4730015EAA6 /* Documentation.docc in Sources */,
				61A0BEBF2B60AF400015EAA6 /* ConfigureUseCaseProtocol.swift in Sources */,
				619171BC2B54CED5006B36EA /* ConfigureView.swift in Sources */,
				6175B7BB2B5235D0002C4797 /* UtopiaGatewayApp.swift in Sources */,
				6161707B2B64652600C04D38 /* ConfigurationProtocols.swift in Sources */,
				61464F5A2B5F5FDD00DD9354 /* DecryptionServiceProtocol.swift in Sources */,
				613A85752B5E13DA00F43451 /* PayUseCaseImplementation.swift in Sources */,
				61F3EBB22B61B4B500E593FB /* NFCRepositoryImplementation.swift in Sources */,
				61F3EBC42B61CE8E00E593FB /* OutputNFCWalletMessage.swift in Sources */,
				613A85812B5E227600F43451 /* PayUseCaseProtocol.swift in Sources */,
				61F3EBB52B61BE7000E593FB /* PayRequestMessage.swift in Sources */,
				6161707F2B64655100C04D38 /* ConfigureViewModel.swift in Sources */,
				61A0BEB82B60ABAC0015EAA6 /* UtopiaStorageManager.swift in Sources */,
				615007FF2B6643DA00062B29 /* HomeCoordinator.swift in Sources */,
				61A0BEBD2B60AE980015EAA6 /* ConfigureUseCaseImplementation.swift in Sources */,
				615008032B66536600062B29 /* ReconfigureUseCaseImplementation.swift in Sources */,
				6178ED1C2B652ED300042C6A /* SceneDelegate.swift in Sources */,
				61464F5C2B5F600400DD9354 /* PayEngineServiceProtocol.swift in Sources */,
				61464F482B5F5B1C00DD9354 /* ScanToPayView.swift in Sources */,
				618F4C842B5EC96C0030247D /* OutputPayMessage.swift in Sources */,
				613943702B54330900E2AC8F /* HomeView.swift in Sources */,
				615008012B66533100062B29 /* ReconfigureUseCaseProtocol.swift in Sources */,
			);
			runOnlyForDeploymentPostprocessing = 0;
		};
/* End PBXSourcesBuildPhase section */

/* Begin XCBuildConfiguration section */
		6175B7C32B5235D2002C4797 /* Debug */ = {
			isa = XCBuildConfiguration;
			buildSettings = {
				ALWAYS_SEARCH_USER_PATHS = NO;
				ASSETCATALOG_COMPILER_GENERATE_SWIFT_ASSET_SYMBOL_EXTENSIONS = YES;
				CLANG_ANALYZER_NONNULL = YES;
				CLANG_ANALYZER_NUMBER_OBJECT_CONVERSION = YES_AGGRESSIVE;
				CLANG_CXX_LANGUAGE_STANDARD = "gnu++20";
				CLANG_ENABLE_MODULES = YES;
				CLANG_ENABLE_OBJC_ARC = YES;
				CLANG_ENABLE_OBJC_WEAK = YES;
				CLANG_WARN_BLOCK_CAPTURE_AUTORELEASING = YES;
				CLANG_WARN_BOOL_CONVERSION = YES;
				CLANG_WARN_COMMA = YES;
				CLANG_WARN_CONSTANT_CONVERSION = YES;
				CLANG_WARN_DEPRECATED_OBJC_IMPLEMENTATIONS = YES;
				CLANG_WARN_DIRECT_OBJC_ISA_USAGE = YES_ERROR;
				CLANG_WARN_DOCUMENTATION_COMMENTS = YES;
				CLANG_WARN_EMPTY_BODY = YES;
				CLANG_WARN_ENUM_CONVERSION = YES;
				CLANG_WARN_INFINITE_RECURSION = YES;
				CLANG_WARN_INT_CONVERSION = YES;
				CLANG_WARN_NON_LITERAL_NULL_CONVERSION = YES;
				CLANG_WARN_OBJC_IMPLICIT_RETAIN_SELF = YES;
				CLANG_WARN_OBJC_LITERAL_CONVERSION = YES;
				CLANG_WARN_OBJC_ROOT_CLASS = YES_ERROR;
				CLANG_WARN_QUOTED_INCLUDE_IN_FRAMEWORK_HEADER = YES;
				CLANG_WARN_RANGE_LOOP_ANALYSIS = YES;
				CLANG_WARN_STRICT_PROTOTYPES = YES;
				CLANG_WARN_SUSPICIOUS_MOVE = YES;
				CLANG_WARN_UNGUARDED_AVAILABILITY = YES_AGGRESSIVE;
				CLANG_WARN_UNREACHABLE_CODE = YES;
				CLANG_WARN__DUPLICATE_METHOD_MATCH = YES;
				COPY_PHASE_STRIP = NO;
				DEBUG_INFORMATION_FORMAT = dwarf;
				ENABLE_STRICT_OBJC_MSGSEND = YES;
				ENABLE_TESTABILITY = YES;
				ENABLE_USER_SCRIPT_SANDBOXING = YES;
				GCC_C_LANGUAGE_STANDARD = gnu17;
				GCC_DYNAMIC_NO_PIC = NO;
				GCC_NO_COMMON_BLOCKS = YES;
				GCC_OPTIMIZATION_LEVEL = 0;
				GCC_PREPROCESSOR_DEFINITIONS = (
					"DEBUG=1",
					"$(inherited)",
				);
				GCC_WARN_64_TO_32_BIT_CONVERSION = YES;
				GCC_WARN_ABOUT_RETURN_TYPE = YES_ERROR;
				GCC_WARN_UNDECLARED_SELECTOR = YES;
				GCC_WARN_UNINITIALIZED_AUTOS = YES_AGGRESSIVE;
				GCC_WARN_UNUSED_FUNCTION = YES;
				GCC_WARN_UNUSED_VARIABLE = YES;
				IPHONEOS_DEPLOYMENT_TARGET = 16.0;
				LOCALIZATION_PREFERS_STRING_CATALOGS = YES;
				MTL_ENABLE_DEBUG_INFO = INCLUDE_SOURCE;
				MTL_FAST_MATH = YES;
				ONLY_ACTIVE_ARCH = YES;
				SDKROOT = iphoneos;
				SWIFT_ACTIVE_COMPILATION_CONDITIONS = "DEBUG $(inherited)";
				SWIFT_OPTIMIZATION_LEVEL = "-Onone";
			};
			name = Debug;
		};
		6175B7C42B5235D2002C4797 /* Release */ = {
			isa = XCBuildConfiguration;
			buildSettings = {
				ALWAYS_SEARCH_USER_PATHS = NO;
				ASSETCATALOG_COMPILER_GENERATE_SWIFT_ASSET_SYMBOL_EXTENSIONS = YES;
				CLANG_ANALYZER_NONNULL = YES;
				CLANG_ANALYZER_NUMBER_OBJECT_CONVERSION = YES_AGGRESSIVE;
				CLANG_CXX_LANGUAGE_STANDARD = "gnu++20";
				CLANG_ENABLE_MODULES = YES;
				CLANG_ENABLE_OBJC_ARC = YES;
				CLANG_ENABLE_OBJC_WEAK = YES;
				CLANG_WARN_BLOCK_CAPTURE_AUTORELEASING = YES;
				CLANG_WARN_BOOL_CONVERSION = YES;
				CLANG_WARN_COMMA = YES;
				CLANG_WARN_CONSTANT_CONVERSION = YES;
				CLANG_WARN_DEPRECATED_OBJC_IMPLEMENTATIONS = YES;
				CLANG_WARN_DIRECT_OBJC_ISA_USAGE = YES_ERROR;
				CLANG_WARN_DOCUMENTATION_COMMENTS = YES;
				CLANG_WARN_EMPTY_BODY = YES;
				CLANG_WARN_ENUM_CONVERSION = YES;
				CLANG_WARN_INFINITE_RECURSION = YES;
				CLANG_WARN_INT_CONVERSION = YES;
				CLANG_WARN_NON_LITERAL_NULL_CONVERSION = YES;
				CLANG_WARN_OBJC_IMPLICIT_RETAIN_SELF = YES;
				CLANG_WARN_OBJC_LITERAL_CONVERSION = YES;
				CLANG_WARN_OBJC_ROOT_CLASS = YES_ERROR;
				CLANG_WARN_QUOTED_INCLUDE_IN_FRAMEWORK_HEADER = YES;
				CLANG_WARN_RANGE_LOOP_ANALYSIS = YES;
				CLANG_WARN_STRICT_PROTOTYPES = YES;
				CLANG_WARN_SUSPICIOUS_MOVE = YES;
				CLANG_WARN_UNGUARDED_AVAILABILITY = YES_AGGRESSIVE;
				CLANG_WARN_UNREACHABLE_CODE = YES;
				CLANG_WARN__DUPLICATE_METHOD_MATCH = YES;
				COPY_PHASE_STRIP = NO;
				DEBUG_INFORMATION_FORMAT = "dwarf-with-dsym";
				ENABLE_NS_ASSERTIONS = NO;
				ENABLE_STRICT_OBJC_MSGSEND = YES;
				ENABLE_USER_SCRIPT_SANDBOXING = YES;
				GCC_C_LANGUAGE_STANDARD = gnu17;
				GCC_NO_COMMON_BLOCKS = YES;
				GCC_WARN_64_TO_32_BIT_CONVERSION = YES;
				GCC_WARN_ABOUT_RETURN_TYPE = YES_ERROR;
				GCC_WARN_UNDECLARED_SELECTOR = YES;
				GCC_WARN_UNINITIALIZED_AUTOS = YES_AGGRESSIVE;
				GCC_WARN_UNUSED_FUNCTION = YES;
				GCC_WARN_UNUSED_VARIABLE = YES;
				IPHONEOS_DEPLOYMENT_TARGET = 16.0;
				LOCALIZATION_PREFERS_STRING_CATALOGS = YES;
				MTL_ENABLE_DEBUG_INFO = NO;
				MTL_FAST_MATH = YES;
				SDKROOT = iphoneos;
				SWIFT_COMPILATION_MODE = wholemodule;
				VALIDATE_PRODUCT = YES;
			};
			name = Release;
		};
		6175B7C62B5235D2002C4797 /* Debug */ = {
			isa = XCBuildConfiguration;
			buildSettings = {
				ASSETCATALOG_COMPILER_APPICON_NAME = AppIcon;
				ASSETCATALOG_COMPILER_GLOBAL_ACCENT_COLOR_NAME = AccentColor;
				CODE_SIGN_ENTITLEMENTS = "Utopia-Crypto Payments Gateway/Application/Configuration/Utopia-Crypto Payments Gateway.entitlements";
				CODE_SIGN_STYLE = Automatic;
				CURRENT_PROJECT_VERSION = 1;
				DEVELOPMENT_ASSET_PATHS = "\"Utopia-Crypto Payments Gateway/Application/Preview Content\"";
				DEVELOPMENT_TEAM = Y7A8MFWTQP;
				ENABLE_PREVIEWS = YES;
				GENERATE_INFOPLIST_FILE = YES;
				INFOPLIST_FILE = "Utopia-Crypto Payments Gateway/Application/Configuration/Utopia-Crypto-Payments-Gateway-Info.plist";
				INFOPLIST_KEY_CFBundleDisplayName = "Utopia-Gateway";
				INFOPLIST_KEY_UIApplicationSupportsIndirectInputEvents = YES;
				INFOPLIST_KEY_UILaunchScreen_Generation = YES;
				INFOPLIST_KEY_UISupportedInterfaceOrientations = "UIInterfaceOrientationLandscapeLeft UIInterfaceOrientationLandscapeRight UIInterfaceOrientationPortrait UIInterfaceOrientationPortraitUpsideDown";
				IPHONEOS_DEPLOYMENT_TARGET = 16.0;
				LD_RUNPATH_SEARCH_PATHS = (
					"$(inherited)",
					"@executable_path/Frameworks",
				);
				MARKETING_VERSION = 1.0;
				PRODUCT_BUNDLE_IDENTIFIER = "shadudiix.com.Utopia-Crypto-Payments-Gateway";
				PRODUCT_NAME = "$(TARGET_NAME)";
				SUPPORTED_PLATFORMS = "iphoneos iphonesimulator";
				SUPPORTS_MACCATALYST = NO;
				SUPPORTS_MAC_DESIGNED_FOR_IPHONE_IPAD = NO;
				SWIFT_EMIT_LOC_STRINGS = YES;
				SWIFT_VERSION = 5.0;
				TARGETED_DEVICE_FAMILY = "1,2";
			};
			name = Debug;
		};
		6175B7C72B5235D2002C4797 /* Release */ = {
			isa = XCBuildConfiguration;
			buildSettings = {
				ASSETCATALOG_COMPILER_APPICON_NAME = AppIcon;
				ASSETCATALOG_COMPILER_GLOBAL_ACCENT_COLOR_NAME = AccentColor;
				CODE_SIGN_ENTITLEMENTS = "Utopia-Crypto Payments Gateway/Application/Configuration/Utopia-Crypto Payments Gateway.entitlements";
				CODE_SIGN_STYLE = Automatic;
				CURRENT_PROJECT_VERSION = 1;
				DEVELOPMENT_ASSET_PATHS = "\"Utopia-Crypto Payments Gateway/Application/Preview Content\"";
				DEVELOPMENT_TEAM = Y7A8MFWTQP;
				ENABLE_PREVIEWS = YES;
				GENERATE_INFOPLIST_FILE = YES;
				INFOPLIST_FILE = "Utopia-Crypto Payments Gateway/Application/Configuration/Utopia-Crypto-Payments-Gateway-Info.plist";
				INFOPLIST_KEY_CFBundleDisplayName = "Utopia-Gateway";
				INFOPLIST_KEY_UIApplicationSupportsIndirectInputEvents = YES;
				INFOPLIST_KEY_UILaunchScreen_Generation = YES;
				INFOPLIST_KEY_UISupportedInterfaceOrientations = "UIInterfaceOrientationLandscapeLeft UIInterfaceOrientationLandscapeRight UIInterfaceOrientationPortrait UIInterfaceOrientationPortraitUpsideDown";
				IPHONEOS_DEPLOYMENT_TARGET = 16.0;
				LD_RUNPATH_SEARCH_PATHS = (
					"$(inherited)",
					"@executable_path/Frameworks",
				);
				MARKETING_VERSION = 1.0;
				PRODUCT_BUNDLE_IDENTIFIER = "shadudiix.com.Utopia-Crypto-Payments-Gateway";
				PRODUCT_NAME = "$(TARGET_NAME)";
				SUPPORTED_PLATFORMS = "iphoneos iphonesimulator";
				SUPPORTS_MACCATALYST = NO;
				SUPPORTS_MAC_DESIGNED_FOR_IPHONE_IPAD = NO;
				SWIFT_EMIT_LOC_STRINGS = YES;
				SWIFT_VERSION = 5.0;
				TARGETED_DEVICE_FAMILY = "1,2";
			};
			name = Release;
		};
/* End XCBuildConfiguration section */

/* Begin XCConfigurationList section */
		6175B7B22B5235D0002C4797 /* Build configuration list for PBXProject "Utopia-Crypto Payments Gateway" */ = {
			isa = XCConfigurationList;
			buildConfigurations = (
				6175B7C32B5235D2002C4797 /* Debug */,
				6175B7C42B5235D2002C4797 /* Release */,
			);
			defaultConfigurationIsVisible = 0;
			defaultConfigurationName = Release;
		};
		6175B7C52B5235D2002C4797 /* Build configuration list for PBXNativeTarget "Utopia-Crypto Payments Gateway" */ = {
			isa = XCConfigurationList;
			buildConfigurations = (
				6175B7C62B5235D2002C4797 /* Debug */,
				6175B7C72B5235D2002C4797 /* Release */,
			);
			defaultConfigurationIsVisible = 0;
			defaultConfigurationName = Release;
		};
/* End XCConfigurationList section */

/* Begin XCRemoteSwiftPackageReference section */
		613A858A2B5E36C400F43451 /* XCRemoteSwiftPackageReference "Jotunheimr" */ = {
			isa = XCRemoteSwiftPackageReference;
			repositoryURL = "https://github.com/shadyelmaadawy/Jotunheimr.git";
			requirement = {
				branch = master;
				kind = branch;
			};
		};
		61464F332B5F4C3800DD9354 /* XCRemoteSwiftPackageReference "Web3.swift" */ = {
			isa = XCRemoteSwiftPackageReference;
			repositoryURL = "https://github.com/Boilertalk/Web3.swift.git";
			requirement = {
				kind = upToNextMajorVersion;
				minimumVersion = 0.8.4;
			};
		};
/* End XCRemoteSwiftPackageReference section */

/* Begin XCSwiftPackageProductDependency section */
		613A858B2B5E36C400F43451 /* Jotunheimr */ = {
			isa = XCSwiftPackageProductDependency;
			package = 613A858A2B5E36C400F43451 /* XCRemoteSwiftPackageReference "Jotunheimr" */;
			productName = Jotunheimr;
		};
		61464F342B5F4C3800DD9354 /* Web3 */ = {
			isa = XCSwiftPackageProductDependency;
			package = 61464F332B5F4C3800DD9354 /* XCRemoteSwiftPackageReference "Web3.swift" */;
			productName = Web3;
		};
		61464F362B5F4C3800DD9354 /* Web3ContractABI */ = {
			isa = XCSwiftPackageProductDependency;
			package = 61464F332B5F4C3800DD9354 /* XCRemoteSwiftPackageReference "Web3.swift" */;
			productName = Web3ContractABI;
		};
		61464F382B5F4C3800DD9354 /* Web3PromiseKit */ = {
			isa = XCSwiftPackageProductDependency;
			package = 61464F332B5F4C3800DD9354 /* XCRemoteSwiftPackageReference "Web3.swift" */;
			productName = Web3PromiseKit;
		};
/* End XCSwiftPackageProductDependency section */
	};
	rootObject = 6175B7AF2B5235D0002C4797 /* Project object */;
}
